// !$*UTF8*$!
{
	archiveVersion = 1;
	classes = {
	};
	objectVersion = 56;
	objects = {

/* Begin PBXBuildFile section */
		4927F7672B0DB35800A87012 /* TvBrowseView.swift in Sources */ = {isa = PBXBuildFile; fileRef = 4927F7662B0DB35800A87012 /* TvBrowseView.swift */; };
		49590A682B00B24800D844F8 /* MovieList.swift in Sources */ = {isa = PBXBuildFile; fileRef = 49590A672B00B24800D844F8 /* MovieList.swift */; };
		49590A6A2B00BAA500D844F8 /* MovieListModel.swift in Sources */ = {isa = PBXBuildFile; fileRef = 49590A692B00BAA500D844F8 /* MovieListModel.swift */; };
		49590A6F2B0125DD00D844F8 /* SearchMovieView.swift in Sources */ = {isa = PBXBuildFile; fileRef = 49590A6E2B0125DD00D844F8 /* SearchMovieView.swift */; };
		49590A722B012AB500D844F8 /* SearchViewModel.swift in Sources */ = {isa = PBXBuildFile; fileRef = 49590A712B012AB500D844F8 /* SearchViewModel.swift */; };
		49590A742B015DED00D844F8 /* SearchModel.swift in Sources */ = {isa = PBXBuildFile; fileRef = 49590A732B015DED00D844F8 /* SearchModel.swift */; };
		49590A782B017DA000D844F8 /* SplashScreenView.swift in Sources */ = {isa = PBXBuildFile; fileRef = 49590A772B017DA000D844F8 /* SplashScreenView.swift */; };
		49590A7A2B017DFA00D844F8 /* LaunchScreenView.swift in Sources */ = {isa = PBXBuildFile; fileRef = 49590A792B017DFA00D844F8 /* LaunchScreenView.swift */; };
		49590A7C2B017E0D00D844F8 /* LaunchScreenManager.swift in Sources */ = {isa = PBXBuildFile; fileRef = 49590A7B2B017E0D00D844F8 /* LaunchScreenManager.swift */; };
		49D6394D2AFEFB0A00E2F31F /* MoiveAppApp.swift in Sources */ = {isa = PBXBuildFile; fileRef = 49D6394C2AFEFB0A00E2F31F /* MoiveAppApp.swift */; };
		49D6394F2AFEFB0A00E2F31F /* ContentView.swift in Sources */ = {isa = PBXBuildFile; fileRef = 49D6394E2AFEFB0A00E2F31F /* ContentView.swift */; };
		49D639512AFEFB0C00E2F31F /* Assets.xcassets in Resources */ = {isa = PBXBuildFile; fileRef = 49D639502AFEFB0C00E2F31F /* Assets.xcassets */; };
		49D639542AFEFB0C00E2F31F /* Preview Assets.xcassets in Resources */ = {isa = PBXBuildFile; fileRef = 49D639532AFEFB0C00E2F31F /* Preview Assets.xcassets */; };
		49D639602AFEFBF200E2F31F /* MovieCell.swift in Sources */ = {isa = PBXBuildFile; fileRef = 49D6395F2AFEFBF200E2F31F /* MovieCell.swift */; };
		49D639622AFEFEAD00E2F31F /* BrowseView.swift in Sources */ = {isa = PBXBuildFile; fileRef = 49D639612AFEFEAD00E2F31F /* BrowseView.swift */; };
		49D639652AFEFF8000E2F31F /* TabarView.swift in Sources */ = {isa = PBXBuildFile; fileRef = 49D639642AFEFF8000E2F31F /* TabarView.swift */; };
		49D639672AFF01B300E2F31F /* MovieRow.swift in Sources */ = {isa = PBXBuildFile; fileRef = 49D639662AFF01B300E2F31F /* MovieRow.swift */; };
		49D639692AFF052200E2F31F /* MovieGrid.swift in Sources */ = {isa = PBXBuildFile; fileRef = 49D639682AFF052200E2F31F /* MovieGrid.swift */; };
		49D6396B2AFF0B7E00E2F31F /* SingleView.swift in Sources */ = {isa = PBXBuildFile; fileRef = 49D6396A2AFF0B7E00E2F31F /* SingleView.swift */; };
		49D6396E2AFF0CA400E2F31F /* Movie.swift in Sources */ = {isa = PBXBuildFile; fileRef = 49D6396D2AFF0CA400E2F31F /* Movie.swift */; };
		49D639712AFF0D1A00E2F31F /* ApiService.swift in Sources */ = {isa = PBXBuildFile; fileRef = 49D639702AFF0D1A00E2F31F /* ApiService.swift */; };
		49D639742AFF2AF600E2F31F /* MovieViewModel.swift in Sources */ = {isa = PBXBuildFile; fileRef = 49D639732AFF2AF600E2F31F /* MovieViewModel.swift */; };
		49D639762B0002F400E2F31F /* MovieResponse.swift in Sources */ = {isa = PBXBuildFile; fileRef = 49D639752B0002F400E2F31F /* MovieResponse.swift */; };
		49D639792B000C4B00E2F31F /* Kingfisher in Frameworks */ = {isa = PBXBuildFile; productRef = 49D639782B000C4B00E2F31F /* Kingfisher */; };
		49D6397B2B001F5A00E2F31F /* MovieDetails.swift in Sources */ = {isa = PBXBuildFile; fileRef = 49D6397A2B001F5A00E2F31F /* MovieDetails.swift */; };
		49D6397D2B00332B00E2F31F /* CastRow.swift in Sources */ = {isa = PBXBuildFile; fileRef = 49D6397C2B00332B00E2F31F /* CastRow.swift */; };
		49D6397F2B003A4B00E2F31F /* DividerGrade.swift in Sources */ = {isa = PBXBuildFile; fileRef = 49D6397E2B003A4B00E2F31F /* DividerGrade.swift */; };
		49D639822B0049F200E2F31F /* SkeletonMovieView.swift in Sources */ = {isa = PBXBuildFile; fileRef = 49D639812B0049F200E2F31F /* SkeletonMovieView.swift */; };
		49D639842B004AEA00E2F31F /* ShimmerView.swift in Sources */ = {isa = PBXBuildFile; fileRef = 49D639832B004AEA00E2F31F /* ShimmerView.swift */; };
		49D639862B0066B000E2F31F /* SingleMovieView.swift in Sources */ = {isa = PBXBuildFile; fileRef = 49D639852B0066B000E2F31F /* SingleMovieView.swift */; };
/* End PBXBuildFile section */

/* Begin PBXFileReference section */
		4927F7662B0DB35800A87012 /* TvBrowseView.swift */ = {isa = PBXFileReference; lastKnownFileType = sourcecode.swift; path = TvBrowseView.swift; sourceTree = "<group>"; };
		49590A672B00B24800D844F8 /* MovieList.swift */ = {isa = PBXFileReference; lastKnownFileType = sourcecode.swift; path = MovieList.swift; sourceTree = "<group>"; };
		49590A692B00BAA500D844F8 /* MovieListModel.swift */ = {isa = PBXFileReference; lastKnownFileType = sourcecode.swift; path = MovieListModel.swift; sourceTree = "<group>"; };
		49590A6E2B0125DD00D844F8 /* SearchMovieView.swift */ = {isa = PBXFileReference; lastKnownFileType = sourcecode.swift; path = SearchMovieView.swift; sourceTree = "<group>"; };
		49590A712B012AB500D844F8 /* SearchViewModel.swift */ = {isa = PBXFileReference; lastKnownFileType = sourcecode.swift; path = SearchViewModel.swift; sourceTree = "<group>"; };
		49590A732B015DED00D844F8 /* SearchModel.swift */ = {isa = PBXFileReference; lastKnownFileType = sourcecode.swift; path = SearchModel.swift; sourceTree = "<group>"; };
		49590A772B017DA000D844F8 /* SplashScreenView.swift */ = {isa = PBXFileReference; lastKnownFileType = sourcecode.swift; path = SplashScreenView.swift; sourceTree = "<group>"; };
		49590A792B017DFA00D844F8 /* LaunchScreenView.swift */ = {isa = PBXFileReference; lastKnownFileType = sourcecode.swift; path = LaunchScreenView.swift; sourceTree = "<group>"; };
		49590A7B2B017E0D00D844F8 /* LaunchScreenManager.swift */ = {isa = PBXFileReference; lastKnownFileType = sourcecode.swift; path = LaunchScreenManager.swift; sourceTree = "<group>"; };
		49590A7D2B017ED600D844F8 /* Info.plist */ = {isa = PBXFileReference; lastKnownFileType = text.plist; path = Info.plist; sourceTree = "<group>"; };
		49D639492AFEFB0A00E2F31F /* MoiveApp.app */ = {isa = PBXFileReference; explicitFileType = wrapper.application; includeInIndex = 0; path = MoiveApp.app; sourceTree = BUILT_PRODUCTS_DIR; };
		49D6394C2AFEFB0A00E2F31F /* MoiveAppApp.swift */ = {isa = PBXFileReference; lastKnownFileType = sourcecode.swift; path = MoiveAppApp.swift; sourceTree = "<group>"; };
		49D6394E2AFEFB0A00E2F31F /* ContentView.swift */ = {isa = PBXFileReference; lastKnownFileType = sourcecode.swift; path = ContentView.swift; sourceTree = "<group>"; };
		49D639502AFEFB0C00E2F31F /* Assets.xcassets */ = {isa = PBXFileReference; lastKnownFileType = folder.assetcatalog; path = Assets.xcassets; sourceTree = "<group>"; };
		49D639532AFEFB0C00E2F31F /* Preview Assets.xcassets */ = {isa = PBXFileReference; lastKnownFileType = folder.assetcatalog; path = "Preview Assets.xcassets"; sourceTree = "<group>"; };
		49D6395F2AFEFBF200E2F31F /* MovieCell.swift */ = {isa = PBXFileReference; lastKnownFileType = sourcecode.swift; path = MovieCell.swift; sourceTree = "<group>"; };
		49D639612AFEFEAD00E2F31F /* BrowseView.swift */ = {isa = PBXFileReference; lastKnownFileType = sourcecode.swift; path = BrowseView.swift; sourceTree = "<group>"; };
		49D639642AFEFF8000E2F31F /* TabarView.swift */ = {isa = PBXFileReference; lastKnownFileType = sourcecode.swift; path = TabarView.swift; sourceTree = "<group>"; };
		49D639662AFF01B300E2F31F /* MovieRow.swift */ = {isa = PBXFileReference; lastKnownFileType = sourcecode.swift; path = MovieRow.swift; sourceTree = "<group>"; };
		49D639682AFF052200E2F31F /* MovieGrid.swift */ = {isa = PBXFileReference; lastKnownFileType = sourcecode.swift; path = MovieGrid.swift; sourceTree = "<group>"; };
		49D6396A2AFF0B7E00E2F31F /* SingleView.swift */ = {isa = PBXFileReference; lastKnownFileType = sourcecode.swift; path = SingleView.swift; sourceTree = "<group>"; };
		49D6396D2AFF0CA400E2F31F /* Movie.swift */ = {isa = PBXFileReference; lastKnownFileType = sourcecode.swift; path = Movie.swift; sourceTree = "<group>"; };
		49D639702AFF0D1A00E2F31F /* ApiService.swift */ = {isa = PBXFileReference; lastKnownFileType = sourcecode.swift; path = ApiService.swift; sourceTree = "<group>"; };
		49D639732AFF2AF600E2F31F /* MovieViewModel.swift */ = {isa = PBXFileReference; lastKnownFileType = sourcecode.swift; path = MovieViewModel.swift; sourceTree = "<group>"; };
		49D639752B0002F400E2F31F /* MovieResponse.swift */ = {isa = PBXFileReference; lastKnownFileType = sourcecode.swift; path = MovieResponse.swift; sourceTree = "<group>"; };
		49D6397A2B001F5A00E2F31F /* MovieDetails.swift */ = {isa = PBXFileReference; lastKnownFileType = sourcecode.swift; path = MovieDetails.swift; sourceTree = "<group>"; };
		49D6397C2B00332B00E2F31F /* CastRow.swift */ = {isa = PBXFileReference; lastKnownFileType = sourcecode.swift; path = CastRow.swift; sourceTree = "<group>"; };
		49D6397E2B003A4B00E2F31F /* DividerGrade.swift */ = {isa = PBXFileReference; lastKnownFileType = sourcecode.swift; path = DividerGrade.swift; sourceTree = "<group>"; };
		49D639812B0049F200E2F31F /* SkeletonMovieView.swift */ = {isa = PBXFileReference; lastKnownFileType = sourcecode.swift; path = SkeletonMovieView.swift; sourceTree = "<group>"; };
		49D639832B004AEA00E2F31F /* ShimmerView.swift */ = {isa = PBXFileReference; lastKnownFileType = sourcecode.swift; path = ShimmerView.swift; sourceTree = "<group>"; };
		49D639852B0066B000E2F31F /* SingleMovieView.swift */ = {isa = PBXFileReference; lastKnownFileType = sourcecode.swift; path = SingleMovieView.swift; sourceTree = "<group>"; };
/* End PBXFileReference section */

/* Begin PBXFrameworksBuildPhase section */
		49D639462AFEFB0A00E2F31F /* Frameworks */ = {
			isa = PBXFrameworksBuildPhase;
			buildActionMask = 2147483647;
			files = (
				49D639792B000C4B00E2F31F /* Kingfisher in Frameworks */,
			);
			runOnlyForDeploymentPostprocessing = 0;
		};
/* End PBXFrameworksBuildPhase section */

/* Begin PBXGroup section */
		4927F7652B0DB31E00A87012 /* TvView */ = {
			isa = PBXGroup;
			children = (
				4927F7662B0DB35800A87012 /* TvBrowseView.swift */,
			);
			path = TvView;
			sourceTree = "<group>";
		};
		49590A6B2B0125A000D844F8 /* SearchView */ = {
			isa = PBXGroup;
			children = (
				49590A6D2B0125CA00D844F8 /* ViewModel */,
				49590A6C2B0125C000D844F8 /* View */,
			);
			path = SearchView;
			sourceTree = "<group>";
		};
		49590A6C2B0125C000D844F8 /* View */ = {
			isa = PBXGroup;
			children = (
				49590A6E2B0125DD00D844F8 /* SearchMovieView.swift */,
			);
			path = View;
			sourceTree = "<group>";
		};
		49590A6D2B0125CA00D844F8 /* ViewModel */ = {
			isa = PBXGroup;
			children = (
				49590A712B012AB500D844F8 /* SearchViewModel.swift */,
			);
			path = ViewModel;
			sourceTree = "<group>";
		};
		49590A752B01796500D844F8 /* View */ = {
			isa = PBXGroup;
			children = (
				49D6395F2AFEFBF200E2F31F /* MovieCell.swift */,
				49D639612AFEFEAD00E2F31F /* BrowseView.swift */,
				49D639662AFF01B300E2F31F /* MovieRow.swift */,
				49D639682AFF052200E2F31F /* MovieGrid.swift */,
				49D6396A2AFF0B7E00E2F31F /* SingleView.swift */,
				49D6397C2B00332B00E2F31F /* CastRow.swift */,
				49D6397E2B003A4B00E2F31F /* DividerGrade.swift */,
			);
			path = View;
			sourceTree = "<group>";
		};
		49590A762B017D7900D844F8 /* Splashscreen */ = {
			isa = PBXGroup;
			children = (
				49590A772B017DA000D844F8 /* SplashScreenView.swift */,
				49590A792B017DFA00D844F8 /* LaunchScreenView.swift */,
				49590A7B2B017E0D00D844F8 /* LaunchScreenManager.swift */,
			);
			path = Splashscreen;
			sourceTree = "<group>";
		};
		49D639402AFEFB0A00E2F31F = {
			isa = PBXGroup;
			children = (
				49D6394B2AFEFB0A00E2F31F /* MoiveApp */,
				49D6394A2AFEFB0A00E2F31F /* Products */,
			);
			sourceTree = "<group>";
		};
		49D6394A2AFEFB0A00E2F31F /* Products */ = {
			isa = PBXGroup;
			children = (
				49D639492AFEFB0A00E2F31F /* MoiveApp.app */,
			);
			name = Products;
			sourceTree = "<group>";
		};
		49D6394B2AFEFB0A00E2F31F /* MoiveApp */ = {
			isa = PBXGroup;
			children = (
				49590A7D2B017ED600D844F8 /* Info.plist */,
				49D6396F2AFF0D0400E2F31F /* Service */,
				49D6396C2AFF0C8D00E2F31F /* Model */,
				49D6395A2AFEFB6200E2F31F /* App */,
				49D6395B2AFEFB7100E2F31F /* Core */,
				49D639502AFEFB0C00E2F31F /* Assets.xcassets */,
				49D639522AFEFB0C00E2F31F /* Preview Content */,
			);
			path = MoiveApp;
			sourceTree = "<group>";
		};
		49D639522AFEFB0C00E2F31F /* Preview Content */ = {
			isa = PBXGroup;
			children = (
				49D639532AFEFB0C00E2F31F /* Preview Assets.xcassets */,
			);
			path = "Preview Content";
			sourceTree = "<group>";
		};
		49D6395A2AFEFB6200E2F31F /* App */ = {
			isa = PBXGroup;
			children = (
				49D6394C2AFEFB0A00E2F31F /* MoiveAppApp.swift */,
			);
			path = App;
			sourceTree = "<group>";
		};
		49D6395B2AFEFB7100E2F31F /* Core */ = {
			isa = PBXGroup;
			children = (
				4927F7652B0DB31E00A87012 /* TvView */,
				49590A762B017D7900D844F8 /* Splashscreen */,
				49590A6B2B0125A000D844F8 /* SearchView */,
				49D639632AFEFF7400E2F31F /* Tabbar */,
				49D6395E2AFEFBB800E2F31F /* Browse */,
				49D6395C2AFEFB7B00E2F31F /* Root */,
			);
			path = Core;
			sourceTree = "<group>";
		};
		49D6395C2AFEFB7B00E2F31F /* Root */ = {
			isa = PBXGroup;
			children = (
				49D6394E2AFEFB0A00E2F31F /* ContentView.swift */,
			);
			path = Root;
			sourceTree = "<group>";
		};
		49D6395E2AFEFBB800E2F31F /* Browse */ = {
			isa = PBXGroup;
			children = (
				49590A752B01796500D844F8 /* View */,
				49D639802B0049D200E2F31F /* Skeleton */,
				49D639722AFF2ADB00E2F31F /* ViewModel */,
			);
			path = Browse;
			sourceTree = "<group>";
		};
		49D639632AFEFF7400E2F31F /* Tabbar */ = {
			isa = PBXGroup;
			children = (
				49D639642AFEFF8000E2F31F /* TabarView.swift */,
			);
			path = Tabbar;
			sourceTree = "<group>";
		};
		49D6396C2AFF0C8D00E2F31F /* Model */ = {
			isa = PBXGroup;
			children = (
				49D6396D2AFF0CA400E2F31F /* Movie.swift */,
				49D639752B0002F400E2F31F /* MovieResponse.swift */,
				49D6397A2B001F5A00E2F31F /* MovieDetails.swift */,
				49590A672B00B24800D844F8 /* MovieList.swift */,
				49590A732B015DED00D844F8 /* SearchModel.swift */,
			);
			path = Model;
			sourceTree = "<group>";
		};
		49D6396F2AFF0D0400E2F31F /* Service */ = {
			isa = PBXGroup;
			children = (
				49D639702AFF0D1A00E2F31F /* ApiService.swift */,
			);
			path = Service;
			sourceTree = "<group>";
		};
		49D639722AFF2ADB00E2F31F /* ViewModel */ = {
			isa = PBXGroup;
			children = (
				49D639732AFF2AF600E2F31F /* MovieViewModel.swift */,
				49D639852B0066B000E2F31F /* SingleMovieView.swift */,
				49590A692B00BAA500D844F8 /* MovieListModel.swift */,
			);
			path = ViewModel;
			sourceTree = "<group>";
		};
		49D639802B0049D200E2F31F /* Skeleton */ = {
			isa = PBXGroup;
			children = (
				49D639812B0049F200E2F31F /* SkeletonMovieView.swift */,
				49D639832B004AEA00E2F31F /* ShimmerView.swift */,
			);
			path = Skeleton;
			sourceTree = "<group>";
		};
/* End PBXGroup section */

/* Begin PBXNativeTarget section */
		49D639482AFEFB0A00E2F31F /* MoiveApp */ = {
			isa = PBXNativeTarget;
			buildConfigurationList = 49D639572AFEFB0C00E2F31F /* Build configuration list for PBXNativeTarget "MoiveApp" */;
			buildPhases = (
				49D639452AFEFB0A00E2F31F /* Sources */,
				49D639462AFEFB0A00E2F31F /* Frameworks */,
				49D639472AFEFB0A00E2F31F /* Resources */,
			);
			buildRules = (
			);
			dependencies = (
			);
			name = MoiveApp;
			packageProductDependencies = (
				49D639782B000C4B00E2F31F /* Kingfisher */,
			);
			productName = MoiveApp;
			productReference = 49D639492AFEFB0A00E2F31F /* MoiveApp.app */;
			productType = "com.apple.product-type.application";
		};
/* End PBXNativeTarget section */

/* Begin PBXProject section */
		49D639412AFEFB0A00E2F31F /* Project object */ = {
			isa = PBXProject;
			attributes = {
				BuildIndependentTargetsInParallel = 1;
				LastSwiftUpdateCheck = 1500;
				LastUpgradeCheck = 1500;
				TargetAttributes = {
					49D639482AFEFB0A00E2F31F = {
						CreatedOnToolsVersion = 15.0.1;
					};
				};
			};
			buildConfigurationList = 49D639442AFEFB0A00E2F31F /* Build configuration list for PBXProject "MoiveApp" */;
			compatibilityVersion = "Xcode 14.0";
			developmentRegion = en;
			hasScannedForEncodings = 0;
			knownRegions = (
				en,
				Base,
			);
			mainGroup = 49D639402AFEFB0A00E2F31F;
			packageReferences = (
				49D639772B000C4B00E2F31F /* XCRemoteSwiftPackageReference "Kingfisher" */,
			);
			productRefGroup = 49D6394A2AFEFB0A00E2F31F /* Products */;
			projectDirPath = "";
			projectRoot = "";
			targets = (
				49D639482AFEFB0A00E2F31F /* MoiveApp */,
			);
		};
/* End PBXProject section */

/* Begin PBXResourcesBuildPhase section */
		49D639472AFEFB0A00E2F31F /* Resources */ = {
			isa = PBXResourcesBuildPhase;
			buildActionMask = 2147483647;
			files = (
				49D639542AFEFB0C00E2F31F /* Preview Assets.xcassets in Resources */,
				49D639512AFEFB0C00E2F31F /* Assets.xcassets in Resources */,
			);
			runOnlyForDeploymentPostprocessing = 0;
		};
/* End PBXResourcesBuildPhase section */

/* Begin PBXSourcesBuildPhase section */
		49D639452AFEFB0A00E2F31F /* Sources */ = {
			isa = PBXSourcesBuildPhase;
			buildActionMask = 2147483647;
			files = (
				49590A722B012AB500D844F8 /* SearchViewModel.swift in Sources */,
				49D6396B2AFF0B7E00E2F31F /* SingleView.swift in Sources */,
				4927F7672B0DB35800A87012 /* TvBrowseView.swift in Sources */,
				49590A7C2B017E0D00D844F8 /* LaunchScreenManager.swift in Sources */,
				49D639652AFEFF8000E2F31F /* TabarView.swift in Sources */,
				49D639822B0049F200E2F31F /* SkeletonMovieView.swift in Sources */,
				49D6396E2AFF0CA400E2F31F /* Movie.swift in Sources */,
				49590A7A2B017DFA00D844F8 /* LaunchScreenView.swift in Sources */,
				49D639672AFF01B300E2F31F /* MovieRow.swift in Sources */,
				49D6397B2B001F5A00E2F31F /* MovieDetails.swift in Sources */,
				49D639622AFEFEAD00E2F31F /* BrowseView.swift in Sources */,
				49D6394F2AFEFB0A00E2F31F /* ContentView.swift in Sources */,
				49D6397D2B00332B00E2F31F /* CastRow.swift in Sources */,
				49D639712AFF0D1A00E2F31F /* ApiService.swift in Sources */,
				49590A6F2B0125DD00D844F8 /* SearchMovieView.swift in Sources */,
				49590A742B015DED00D844F8 /* SearchModel.swift in Sources */,
				49D6394D2AFEFB0A00E2F31F /* MoiveAppApp.swift in Sources */,
				49D639742AFF2AF600E2F31F /* MovieViewModel.swift in Sources */,
				49590A682B00B24800D844F8 /* MovieList.swift in Sources */,
				49D639762B0002F400E2F31F /* MovieResponse.swift in Sources */,
				49D639862B0066B000E2F31F /* SingleMovieView.swift in Sources */,
				49D639842B004AEA00E2F31F /* ShimmerView.swift in Sources */,
				49590A6A2B00BAA500D844F8 /* MovieListModel.swift in Sources */,
				49D6397F2B003A4B00E2F31F /* DividerGrade.swift in Sources */,
				49D639602AFEFBF200E2F31F /* MovieCell.swift in Sources */,
				49D639692AFF052200E2F31F /* MovieGrid.swift in Sources */,
				49590A782B017DA000D844F8 /* SplashScreenView.swift in Sources */,
			);
			runOnlyForDeploymentPostprocessing = 0;
		};
/* End PBXSourcesBuildPhase section */

/* Begin XCBuildConfiguration section */
		49D639552AFEFB0C00E2F31F /* Debug */ = {
			isa = XCBuildConfiguration;
			buildSettings = {
				ALWAYS_SEARCH_USER_PATHS = NO;
				ASSETCATALOG_COMPILER_GENERATE_SWIFT_ASSET_SYMBOL_EXTENSIONS = YES;
				CLANG_ANALYZER_NONNULL = YES;
				CLANG_ANALYZER_NUMBER_OBJECT_CONVERSION = YES_AGGRESSIVE;
				CLANG_CXX_LANGUAGE_STANDARD = "gnu++20";
				CLANG_ENABLE_MODULES = YES;
				CLANG_ENABLE_OBJC_ARC = YES;
				CLANG_ENABLE_OBJC_WEAK = YES;
				CLANG_WARN_BLOCK_CAPTURE_AUTORELEASING = YES;
				CLANG_WARN_BOOL_CONVERSION = YES;
				CLANG_WARN_COMMA = YES;
				CLANG_WARN_CONSTANT_CONVERSION = YES;
				CLANG_WARN_DEPRECATED_OBJC_IMPLEMENTATIONS = YES;
				CLANG_WARN_DIRECT_OBJC_ISA_USAGE = YES_ERROR;
				CLANG_WARN_DOCUMENTATION_COMMENTS = YES;
				CLANG_WARN_EMPTY_BODY = YES;
				CLANG_WARN_ENUM_CONVERSION = YES;
				CLANG_WARN_INFINITE_RECURSION = YES;
				CLANG_WARN_INT_CONVERSION = YES;
				CLANG_WARN_NON_LITERAL_NULL_CONVERSION = YES;
				CLANG_WARN_OBJC_IMPLICIT_RETAIN_SELF = YES;
				CLANG_WARN_OBJC_LITERAL_CONVERSION = YES;
				CLANG_WARN_OBJC_ROOT_CLASS = YES_ERROR;
				CLANG_WARN_QUOTED_INCLUDE_IN_FRAMEWORK_HEADER = YES;
				CLANG_WARN_RANGE_LOOP_ANALYSIS = YES;
				CLANG_WARN_STRICT_PROTOTYPES = YES;
				CLANG_WARN_SUSPICIOUS_MOVE = YES;
				CLANG_WARN_UNGUARDED_AVAILABILITY = YES_AGGRESSIVE;
				CLANG_WARN_UNREACHABLE_CODE = YES;
				CLANG_WARN__DUPLICATE_METHOD_MATCH = YES;
				COPY_PHASE_STRIP = NO;
				DEBUG_INFORMATION_FORMAT = dwarf;
				ENABLE_STRICT_OBJC_MSGSEND = YES;
				ENABLE_TESTABILITY = YES;
				ENABLE_USER_SCRIPT_SANDBOXING = YES;
				GCC_C_LANGUAGE_STANDARD = gnu17;
				GCC_DYNAMIC_NO_PIC = NO;
				GCC_NO_COMMON_BLOCKS = YES;
				GCC_OPTIMIZATION_LEVEL = 0;
				GCC_PREPROCESSOR_DEFINITIONS = (
					"DEBUG=1",
					"$(inherited)",
				);
				GCC_WARN_64_TO_32_BIT_CONVERSION = YES;
				GCC_WARN_ABOUT_RETURN_TYPE = YES_ERROR;
				GCC_WARN_UNDECLARED_SELECTOR = YES;
				GCC_WARN_UNINITIALIZED_AUTOS = YES_AGGRESSIVE;
				GCC_WARN_UNUSED_FUNCTION = YES;
				GCC_WARN_UNUSED_VARIABLE = YES;
				IPHONEOS_DEPLOYMENT_TARGET = 17.0;
				LOCALIZATION_PREFERS_STRING_CATALOGS = YES;
				MTL_ENABLE_DEBUG_INFO = INCLUDE_SOURCE;
				MTL_FAST_MATH = YES;
				ONLY_ACTIVE_ARCH = YES;
				SDKROOT = iphoneos;
				SWIFT_ACTIVE_COMPILATION_CONDITIONS = "DEBUG $(inherited)";
				SWIFT_OPTIMIZATION_LEVEL = "-Onone";
			};
			name = Debug;
		};
		49D639562AFEFB0C00E2F31F /* Release */ = {
			isa = XCBuildConfiguration;
			buildSettings = {
				ALWAYS_SEARCH_USER_PATHS = NO;
				ASSETCATALOG_COMPILER_GENERATE_SWIFT_ASSET_SYMBOL_EXTENSIONS = YES;
				CLANG_ANALYZER_NONNULL = YES;
				CLANG_ANALYZER_NUMBER_OBJECT_CONVERSION = YES_AGGRESSIVE;
				CLANG_CXX_LANGUAGE_STANDARD = "gnu++20";
				CLANG_ENABLE_MODULES = YES;
				CLANG_ENABLE_OBJC_ARC = YES;
				CLANG_ENABLE_OBJC_WEAK = YES;
				CLANG_WARN_BLOCK_CAPTURE_AUTORELEASING = YES;
				CLANG_WARN_BOOL_CONVERSION = YES;
				CLANG_WARN_COMMA = YES;
				CLANG_WARN_CONSTANT_CONVERSION = YES;
				CLANG_WARN_DEPRECATED_OBJC_IMPLEMENTATIONS = YES;
				CLANG_WARN_DIRECT_OBJC_ISA_USAGE = YES_ERROR;
				CLANG_WARN_DOCUMENTATION_COMMENTS = YES;
				CLANG_WARN_EMPTY_BODY = YES;
				CLANG_WARN_ENUM_CONVERSION = YES;
				CLANG_WARN_INFINITE_RECURSION = YES;
				CLANG_WARN_INT_CONVERSION = YES;
				CLANG_WARN_NON_LITERAL_NULL_CONVERSION = YES;
				CLANG_WARN_OBJC_IMPLICIT_RETAIN_SELF = YES;
				CLANG_WARN_OBJC_LITERAL_CONVERSION = YES;
				CLANG_WARN_OBJC_ROOT_CLASS = YES_ERROR;
				CLANG_WARN_QUOTED_INCLUDE_IN_FRAMEWORK_HEADER = YES;
				CLANG_WARN_RANGE_LOOP_ANALYSIS = YES;
				CLANG_WARN_STRICT_PROTOTYPES = YES;
				CLANG_WARN_SUSPICIOUS_MOVE = YES;
				CLANG_WARN_UNGUARDED_AVAILABILITY = YES_AGGRESSIVE;
				CLANG_WARN_UNREACHABLE_CODE = YES;
				CLANG_WARN__DUPLICATE_METHOD_MATCH = YES;
				COPY_PHASE_STRIP = NO;
				DEBUG_INFORMATION_FORMAT = "dwarf-with-dsym";
				ENABLE_NS_ASSERTIONS = NO;
				ENABLE_STRICT_OBJC_MSGSEND = YES;
				ENABLE_USER_SCRIPT_SANDBOXING = YES;
				GCC_C_LANGUAGE_STANDARD = gnu17;
				GCC_NO_COMMON_BLOCKS = YES;
				GCC_WARN_64_TO_32_BIT_CONVERSION = YES;
				GCC_WARN_ABOUT_RETURN_TYPE = YES_ERROR;
				GCC_WARN_UNDECLARED_SELECTOR = YES;
				GCC_WARN_UNINITIALIZED_AUTOS = YES_AGGRESSIVE;
				GCC_WARN_UNUSED_FUNCTION = YES;
				GCC_WARN_UNUSED_VARIABLE = YES;
				IPHONEOS_DEPLOYMENT_TARGET = 17.0;
				LOCALIZATION_PREFERS_STRING_CATALOGS = YES;
				MTL_ENABLE_DEBUG_INFO = NO;
				MTL_FAST_MATH = YES;
				SDKROOT = iphoneos;
				SWIFT_COMPILATION_MODE = wholemodule;
				VALIDATE_PRODUCT = YES;
			};
			name = Release;
		};
		49D639582AFEFB0C00E2F31F /* Debug */ = {
			isa = XCBuildConfiguration;
			buildSettings = {
				ASSETCATALOG_COMPILER_APPICON_NAME = AppIcon;
				ASSETCATALOG_COMPILER_GLOBAL_ACCENT_COLOR_NAME = AccentColor;
				CODE_SIGN_STYLE = Automatic;
				CURRENT_PROJECT_VERSION = 1;
				DEVELOPMENT_ASSET_PATHS = "\"MoiveApp/Preview Content\"";
				DEVELOPMENT_TEAM = S42S283YD3;
				ENABLE_PREVIEWS = YES;
				GENERATE_INFOPLIST_FILE = YES;
				INFOPLIST_FILE = MoiveApp/Info.plist;
				INFOPLIST_KEY_UIApplicationSceneManifest_Generation = YES;
				INFOPLIST_KEY_UIApplicationSupportsIndirectInputEvents = YES;
				INFOPLIST_KEY_UISupportedInterfaceOrientations = UIInterfaceOrientationPortrait;
				LD_RUNPATH_SEARCH_PATHS = (
					"$(inherited)",
					"@executable_path/Frameworks",
				);
				MARKETING_VERSION = 1.0;
				PRODUCT_BUNDLE_IDENTIFIER = com.flawlessjae.MoiveApp;
				PRODUCT_NAME = "$(TARGET_NAME)";
				SWIFT_EMIT_LOC_STRINGS = YES;
				SWIFT_VERSION = 5.0;
				TARGETED_DEVICE_FAMILY = "1,2";
			};
			name = Debug;
		};
		49D639592AFEFB0C00E2F31F /* Release */ = {
			isa = XCBuildConfiguration;
			buildSettings = {
				ASSETCATALOG_COMPILER_APPICON_NAME = AppIcon;
				ASSETCATALOG_COMPILER_GLOBAL_ACCENT_COLOR_NAME = AccentColor;
				CODE_SIGN_STYLE = Automatic;
				CURRENT_PROJECT_VERSION = 1;
				DEVELOPMENT_ASSET_PATHS = "\"MoiveApp/Preview Content\"";
				DEVELOPMENT_TEAM = S42S283YD3;
				ENABLE_PREVIEWS = YES;
				GENERATE_INFOPLIST_FILE = YES;
				INFOPLIST_FILE = MoiveApp/Info.plist;
				INFOPLIST_KEY_UIApplicationSceneManifest_Generation = YES;
				INFOPLIST_KEY_UIApplicationSupportsIndirectInputEvents = YES;
				INFOPLIST_KEY_UISupportedInterfaceOrientations = UIInterfaceOrientationPortrait;
				LD_RUNPATH_SEARCH_PATHS = (
					"$(inherited)",
					"@executable_path/Frameworks",
				);
				MARKETING_VERSION = 1.0;
				PRODUCT_BUNDLE_IDENTIFIER = com.flawlessjae.MoiveApp;
				PRODUCT_NAME = "$(TARGET_NAME)";
				SWIFT_EMIT_LOC_STRINGS = YES;
				SWIFT_VERSION = 5.0;
				TARGETED_DEVICE_FAMILY = "1,2";
			};
			name = Release;
		};
/* End XCBuildConfiguration section */

/* Begin XCConfigurationList section */
		49D639442AFEFB0A00E2F31F /* Build configuration list for PBXProject "MoiveApp" */ = {
			isa = XCConfigurationList;
			buildConfigurations = (
				49D639552AFEFB0C00E2F31F /* Debug */,
				49D639562AFEFB0C00E2F31F /* Release */,
			);
			defaultConfigurationIsVisible = 0;
			defaultConfigurationName = Release;
		};
		49D639572AFEFB0C00E2F31F /* Build configuration list for PBXNativeTarget "MoiveApp" */ = {
			isa = XCConfigurationList;
			buildConfigurations = (
				49D639582AFEFB0C00E2F31F /* Debug */,
				49D639592AFEFB0C00E2F31F /* Release */,
			);
			defaultConfigurationIsVisible = 0;
			defaultConfigurationName = Release;
		};
/* End XCConfigurationList section */

/* Begin XCRemoteSwiftPackageReference section */
		49D639772B000C4B00E2F31F /* XCRemoteSwiftPackageReference "Kingfisher" */ = {
			isa = XCRemoteSwiftPackageReference;
			repositoryURL = "https://github.com/onevcat/Kingfisher";
			requirement = {
				kind = upToNextMajorVersion;
				minimumVersion = 7.10.0;
			};
		};
/* End XCRemoteSwiftPackageReference section */

/* Begin XCSwiftPackageProductDependency section */
		49D639782B000C4B00E2F31F /* Kingfisher */ = {
			isa = XCSwiftPackageProductDependency;
			package = 49D639772B000C4B00E2F31F /* XCRemoteSwiftPackageReference "Kingfisher" */;
			productName = Kingfisher;
		};
/* End XCSwiftPackageProductDependency section */
	};
	rootObject = 49D639412AFEFB0A00E2F31F /* Project object */;
}
